
Microsoft Visual Studio Solution File, Format Version 12.00
# Visual Studio Version 17
VisualStudioVersion = 17.4.33213.308
MinimumVisualStudioVersion = 10.0.40219.1
Project("{FAE04EC0-301F-11D3-BF4B-00C04F79EFBC}") = "Labwork1", "Labwork1\Labwork1.csproj", "{30DCDB06-E90E-4037-B0B8-930F96C85759}"
EndProject
Global
	GlobalSection(SolutionConfigurationPlatforms) = preSolution
		Debug|Any CPU = Debug|Any CPU
		Release|Any CPU = Release|Any CPU
	EndGlobalSection
	GlobalSection(ProjectConfigurationPlatforms) = postSolution
		{30DCDB06-E90E-4037-B0B8-930F96C85759}.Debug|Any CPU.ActiveCfg = Debug|Any CPU
		{30DCDB06-E90E-4037-B0B8-930F96C85759}.Debug|Any CPU.Build.0 = Debug|Any CPU
		{30DCDB06-E90E-4037-B0B8-930F96C85759}.Release|Any CPU.ActiveCfg = Release|Any CPU
		{30DCDB06-E90E-4037-B0B8-930F96C85759}.Release|Any CPU.Build.0 = Release|Any CPU
	EndGlobalSection
	GlobalSection(SolutionProperties) = preSolution
		HideSolutionNode = FALSE
	EndGlobalSection
	GlobalSection(ExtensibilityGlobals) = postSolution
		SolutionGuid = {98E09B27-1AFC-48B2-92DD-13FDAE25C02F}
	EndGlobalSection
EndGlobal
